
Microsoft Visual Studio Solution File, Format Version 12.00
Project("{FAE04EC0-301F-11D3-BF4B-00C04F79EFBC}") = "Crypto.SymmetricEncryption", "Crypto.SymmetricEncryption\Crypto.SymmetricEncryption.csproj", "{358B8C00-8D61-4894-8AF5-E5ED445D6D5F}"
EndProject
Project("{FAE04EC0-301F-11D3-BF4B-00C04F79EFBC}") = "Crypto.Console", "Crypto.Console\Crypto.Console.csproj", "{635A1F51-A715-46A3-A459-4E4BADB72410}"
EndProject
Project("{FAE04EC0-301F-11D3-BF4B-00C04F79EFBC}") = "Crypto.SymmetricEncryption.DES", "Crypto.SymmetricEncryption.DES\Crypto.SymmetricEncryption.DES.csproj", "{15FD19CA-9608-4427-A874-B1C0B0B39419}"
EndProject
Project("{FAE04EC0-301F-11D3-BF4B-00C04F79EFBC}") = "Crypto.SymmetricEncryption.DEAL", "Crypto.SymmetricEncryption.DEAL\Crypto.SymmetricEncryption.DEAL.csproj", "{AC15929C-D3F6-4608-A4CD-58317AA98679}"
EndProject
Project("{FAE04EC0-301F-11D3-BF4B-00C04F79EFBC}") = "Crypto.Core", "Crypto.Core\Crypto.Core.csproj", "{3055AE62-0CFE-437B-8B1F-C32FD34F3137}"
EndProject
Project("{2150E333-8FDC-42A3-9474-1A3956D46DE8}") = "Core", "Core", "{8458E490-6E7C-4245-8732-F1E2D4837EF8}"
EndProject
Project("{2150E333-8FDC-42A3-9474-1A3956D46DE8}") = "Tests", "Tests", "{0C51D91C-D6EB-4D0F-A0A6-F307A4BA1295}"
EndProject
Project("{2150E333-8FDC-42A3-9474-1A3956D46DE8}") = "SymmetricEncryption", "SymmetricEncryption", "{6D6A9081-6989-4F92-BBF7-CAD875963B04}"
EndProject
Project("{FAE04EC0-301F-11D3-BF4B-00C04F79EFBC}") = "Crypto.SymmetricEncryption.AES", "Crypto.SymmetricEncryption.AES\Crypto.SymmetricEncryption.AES.csproj", "{2FA4951F-10D8-4EE8-A1F8-7C47866EA9A7}"
EndProject
Project("{2150E333-8FDC-42A3-9474-1A3956D46DE8}") = "AsymmetricEncryption", "AsymmetricEncryption", "{09ADDF6C-9582-4269-848D-F75BB48D219B}"
EndProject
Project("{FAE04EC0-301F-11D3-BF4B-00C04F79EFBC}") = "Crypto.AsymmetricEncryption", "Crypto.AsymmetricEncryption\Crypto.AsymmetricEncryption.csproj", "{A69AFAB7-59CC-4F15-B6A7-1F84E51D0E6D}"
EndProject
Project("{FAE04EC0-301F-11D3-BF4B-00C04F79EFBC}") = "Crypto.AsymmetricEncryption.RSA", "Crypto.AsymmetricEncryption.RSA\Crypto.AsymmetricEncryption.RSA.csproj", "{5F2A5E54-22AB-4E90-925A-1B3B65788AED}"
EndProject
Project("{FAE04EC0-301F-11D3-BF4B-00C04F79EFBC}") = "Crypto.SymmetricEncryption.Camellia", "Crypto.SymmetricEncryption.Camellia\Crypto.SymmetricEncryption.Camellia.csproj", "{FC62BB4D-AC11-4858-A880-17ED8BAA7884}"
EndProject
Project("{FAE04EC0-301F-11D3-BF4B-00C04F79EFBC}") = "Crypto.SymmetricEncryption.TripleDES", "Crypto.SymmetricEncryption.TripleDES\Crypto.SymmetricEncryption.TripleDES.csproj", "{9920A152-EF09-4ACB-84CE-9E6757449A94}"
EndProject
Project("{FAE04EC0-301F-11D3-BF4B-00C04F79EFBC}") = "Crypto.Tests.Core", "Crypto.Tests.Core\Crypto.Tests.Core.csproj", "{0BCC3732-71F4-45FC-973F-89025C1100DA}"
EndProject
Project("{FAE04EC0-301F-11D3-BF4B-00C04F79EFBC}") = "Crypto.Tests.Infrastructure", "Crypto.Tests.Infrastructure\Crypto.Tests.Infrastructure.csproj", "{9DC71DDA-C73C-48D7-AA66-2B500DED5871}"
EndProject
Project("{FAE04EC0-301F-11D3-BF4B-00C04F79EFBC}") = "Crypto.Tests.SymmetricEncryption.DES", "Crypto.Tests.SymmetricEncryption.DES\Crypto.Tests.SymmetricEncryption.DES.csproj", "{2B259C32-D5BF-4965-986A-0B0413DDD438}"
EndProject
Project("{FAE04EC0-301F-11D3-BF4B-00C04F79EFBC}") = "Crypto.Tests.SymmetricEncryption", "Crypto.Tests.SymmetricEncryption\Crypto.Tests.SymmetricEncryption.csproj", "{6E1DC8B1-140E-4E53-BEE7-7D31C0BD546E}"
EndProject
Project("{FAE04EC0-301F-11D3-BF4B-00C04F79EFBC}") = "Crypto.Tests.AsymmetricEncryption", "Crypto.Tests.AsymmetricEncryption\Crypto.Tests.AsymmetricEncryption.csproj", "{947BF9E6-A3A6-49F6-9E29-9521D9A9C03C}"
EndProject
Project("{FAE04EC0-301F-11D3-BF4B-00C04F79EFBC}") = "Crypto.Tests.AsymmetricEncryption.RSA", "Crypto.Tests.AsymmetricEncryption.RSA\Crypto.Tests.AsymmetricEncryption.RSA.csproj", "{85149023-D43D-4435-B952-C6C26EBE7783}"
EndProject
Global
	GlobalSection(SolutionConfigurationPlatforms) = preSolution
		Debug|Any CPU = Debug|Any CPU
		Release|Any CPU = Release|Any CPU
	EndGlobalSection
	GlobalSection(ProjectConfigurationPlatforms) = postSolution
		{358B8C00-8D61-4894-8AF5-E5ED445D6D5F}.Debug|Any CPU.ActiveCfg = Debug|Any CPU
		{358B8C00-8D61-4894-8AF5-E5ED445D6D5F}.Debug|Any CPU.Build.0 = Debug|Any CPU
		{358B8C00-8D61-4894-8AF5-E5ED445D6D5F}.Release|Any CPU.ActiveCfg = Release|Any CPU
		{358B8C00-8D61-4894-8AF5-E5ED445D6D5F}.Release|Any CPU.Build.0 = Release|Any CPU
		{635A1F51-A715-46A3-A459-4E4BADB72410}.Debug|Any CPU.ActiveCfg = Debug|Any CPU
		{635A1F51-A715-46A3-A459-4E4BADB72410}.Debug|Any CPU.Build.0 = Debug|Any CPU
		{635A1F51-A715-46A3-A459-4E4BADB72410}.Release|Any CPU.ActiveCfg = Release|Any CPU
		{635A1F51-A715-46A3-A459-4E4BADB72410}.Release|Any CPU.Build.0 = Release|Any CPU
		{15FD19CA-9608-4427-A874-B1C0B0B39419}.Debug|Any CPU.ActiveCfg = Debug|Any CPU
		{15FD19CA-9608-4427-A874-B1C0B0B39419}.Debug|Any CPU.Build.0 = Debug|Any CPU
		{15FD19CA-9608-4427-A874-B1C0B0B39419}.Release|Any CPU.ActiveCfg = Release|Any CPU
		{15FD19CA-9608-4427-A874-B1C0B0B39419}.Release|Any CPU.Build.0 = Release|Any CPU
		{AC15929C-D3F6-4608-A4CD-58317AA98679}.Debug|Any CPU.ActiveCfg = Debug|Any CPU
		{AC15929C-D3F6-4608-A4CD-58317AA98679}.Debug|Any CPU.Build.0 = Debug|Any CPU
		{AC15929C-D3F6-4608-A4CD-58317AA98679}.Release|Any CPU.ActiveCfg = Release|Any CPU
		{AC15929C-D3F6-4608-A4CD-58317AA98679}.Release|Any CPU.Build.0 = Release|Any CPU
		{3055AE62-0CFE-437B-8B1F-C32FD34F3137}.Debug|Any CPU.ActiveCfg = Debug|Any CPU
		{3055AE62-0CFE-437B-8B1F-C32FD34F3137}.Debug|Any CPU.Build.0 = Debug|Any CPU
		{3055AE62-0CFE-437B-8B1F-C32FD34F3137}.Release|Any CPU.ActiveCfg = Release|Any CPU
		{3055AE62-0CFE-437B-8B1F-C32FD34F3137}.Release|Any CPU.Build.0 = Release|Any CPU
		{2FA4951F-10D8-4EE8-A1F8-7C47866EA9A7}.Debug|Any CPU.ActiveCfg = Debug|Any CPU
		{2FA4951F-10D8-4EE8-A1F8-7C47866EA9A7}.Debug|Any CPU.Build.0 = Debug|Any CPU
		{2FA4951F-10D8-4EE8-A1F8-7C47866EA9A7}.Release|Any CPU.ActiveCfg = Release|Any CPU
		{2FA4951F-10D8-4EE8-A1F8-7C47866EA9A7}.Release|Any CPU.Build.0 = Release|Any CPU
		{A69AFAB7-59CC-4F15-B6A7-1F84E51D0E6D}.Debug|Any CPU.ActiveCfg = Debug|Any CPU
		{A69AFAB7-59CC-4F15-B6A7-1F84E51D0E6D}.Debug|Any CPU.Build.0 = Debug|Any CPU
		{A69AFAB7-59CC-4F15-B6A7-1F84E51D0E6D}.Release|Any CPU.ActiveCfg = Release|Any CPU
		{A69AFAB7-59CC-4F15-B6A7-1F84E51D0E6D}.Release|Any CPU.Build.0 = Release|Any CPU
		{5F2A5E54-22AB-4E90-925A-1B3B65788AED}.Debug|Any CPU.ActiveCfg = Debug|Any CPU
		{5F2A5E54-22AB-4E90-925A-1B3B65788AED}.Debug|Any CPU.Build.0 = Debug|Any CPU
		{5F2A5E54-22AB-4E90-925A-1B3B65788AED}.Release|Any CPU.ActiveCfg = Release|Any CPU
		{5F2A5E54-22AB-4E90-925A-1B3B65788AED}.Release|Any CPU.Build.0 = Release|Any CPU
		{FC62BB4D-AC11-4858-A880-17ED8BAA7884}.Debug|Any CPU.ActiveCfg = Debug|Any CPU
		{FC62BB4D-AC11-4858-A880-17ED8BAA7884}.Debug|Any CPU.Build.0 = Debug|Any CPU
		{FC62BB4D-AC11-4858-A880-17ED8BAA7884}.Release|Any CPU.ActiveCfg = Release|Any CPU
		{FC62BB4D-AC11-4858-A880-17ED8BAA7884}.Release|Any CPU.Build.0 = Release|Any CPU
		{9920A152-EF09-4ACB-84CE-9E6757449A94}.Debug|Any CPU.ActiveCfg = Debug|Any CPU
		{9920A152-EF09-4ACB-84CE-9E6757449A94}.Debug|Any CPU.Build.0 = Debug|Any CPU
		{9920A152-EF09-4ACB-84CE-9E6757449A94}.Release|Any CPU.ActiveCfg = Release|Any CPU
		{9920A152-EF09-4ACB-84CE-9E6757449A94}.Release|Any CPU.Build.0 = Release|Any CPU
		{0BCC3732-71F4-45FC-973F-89025C1100DA}.Debug|Any CPU.ActiveCfg = Debug|Any CPU
		{0BCC3732-71F4-45FC-973F-89025C1100DA}.Debug|Any CPU.Build.0 = Debug|Any CPU
		{0BCC3732-71F4-45FC-973F-89025C1100DA}.Release|Any CPU.ActiveCfg = Release|Any CPU
		{0BCC3732-71F4-45FC-973F-89025C1100DA}.Release|Any CPU.Build.0 = Release|Any CPU
		{9DC71DDA-C73C-48D7-AA66-2B500DED5871}.Debug|Any CPU.ActiveCfg = Debug|Any CPU
		{9DC71DDA-C73C-48D7-AA66-2B500DED5871}.Debug|Any CPU.Build.0 = Debug|Any CPU
		{9DC71DDA-C73C-48D7-AA66-2B500DED5871}.Release|Any CPU.ActiveCfg = Release|Any CPU
		{9DC71DDA-C73C-48D7-AA66-2B500DED5871}.Release|Any CPU.Build.0 = Release|Any CPU
		{2B259C32-D5BF-4965-986A-0B0413DDD438}.Debug|Any CPU.ActiveCfg = Debug|Any CPU
		{2B259C32-D5BF-4965-986A-0B0413DDD438}.Debug|Any CPU.Build.0 = Debug|Any CPU
		{2B259C32-D5BF-4965-986A-0B0413DDD438}.Release|Any CPU.ActiveCfg = Release|Any CPU
		{2B259C32-D5BF-4965-986A-0B0413DDD438}.Release|Any CPU.Build.0 = Release|Any CPU
		{6E1DC8B1-140E-4E53-BEE7-7D31C0BD546E}.Debug|Any CPU.ActiveCfg = Debug|Any CPU
		{6E1DC8B1-140E-4E53-BEE7-7D31C0BD546E}.Debug|Any CPU.Build.0 = Debug|Any CPU
		{6E1DC8B1-140E-4E53-BEE7-7D31C0BD546E}.Release|Any CPU.ActiveCfg = Release|Any CPU
		{6E1DC8B1-140E-4E53-BEE7-7D31C0BD546E}.Release|Any CPU.Build.0 = Release|Any CPU
		{947BF9E6-A3A6-49F6-9E29-9521D9A9C03C}.Debug|Any CPU.ActiveCfg = Debug|Any CPU
		{947BF9E6-A3A6-49F6-9E29-9521D9A9C03C}.Debug|Any CPU.Build.0 = Debug|Any CPU
		{947BF9E6-A3A6-49F6-9E29-9521D9A9C03C}.Release|Any CPU.ActiveCfg = Release|Any CPU
		{947BF9E6-A3A6-49F6-9E29-9521D9A9C03C}.Release|Any CPU.Build.0 = Release|Any CPU
		{85149023-D43D-4435-B952-C6C26EBE7783}.Debug|Any CPU.ActiveCfg = Debug|Any CPU
		{85149023-D43D-4435-B952-C6C26EBE7783}.Debug|Any CPU.Build.0 = Debug|Any CPU
		{85149023-D43D-4435-B952-C6C26EBE7783}.Release|Any CPU.ActiveCfg = Release|Any CPU
		{85149023-D43D-4435-B952-C6C26EBE7783}.Release|Any CPU.Build.0 = Release|Any CPU
	EndGlobalSection
	GlobalSection(NestedProjects) = preSolution
		{3055AE62-0CFE-437B-8B1F-C32FD34F3137} = {8458E490-6E7C-4245-8732-F1E2D4837EF8}
		{635A1F51-A715-46A3-A459-4E4BADB72410} = {0C51D91C-D6EB-4D0F-A0A6-F307A4BA1295}
		{358B8C00-8D61-4894-8AF5-E5ED445D6D5F} = {6D6A9081-6989-4F92-BBF7-CAD875963B04}
		{AC15929C-D3F6-4608-A4CD-58317AA98679} = {6D6A9081-6989-4F92-BBF7-CAD875963B04}
		{15FD19CA-9608-4427-A874-B1C0B0B39419} = {6D6A9081-6989-4F92-BBF7-CAD875963B04}
		{2FA4951F-10D8-4EE8-A1F8-7C47866EA9A7} = {6D6A9081-6989-4F92-BBF7-CAD875963B04}
		{A69AFAB7-59CC-4F15-B6A7-1F84E51D0E6D} = {09ADDF6C-9582-4269-848D-F75BB48D219B}
		{5F2A5E54-22AB-4E90-925A-1B3B65788AED} = {09ADDF6C-9582-4269-848D-F75BB48D219B}
		{FC62BB4D-AC11-4858-A880-17ED8BAA7884} = {6D6A9081-6989-4F92-BBF7-CAD875963B04}
		{9920A152-EF09-4ACB-84CE-9E6757449A94} = {6D6A9081-6989-4F92-BBF7-CAD875963B04}
		{0BCC3732-71F4-45FC-973F-89025C1100DA} = {0C51D91C-D6EB-4D0F-A0A6-F307A4BA1295}
		{9DC71DDA-C73C-48D7-AA66-2B500DED5871} = {0C51D91C-D6EB-4D0F-A0A6-F307A4BA1295}
		{2B259C32-D5BF-4965-986A-0B0413DDD438} = {0C51D91C-D6EB-4D0F-A0A6-F307A4BA1295}
		{6E1DC8B1-140E-4E53-BEE7-7D31C0BD546E} = {0C51D91C-D6EB-4D0F-A0A6-F307A4BA1295}
		{947BF9E6-A3A6-49F6-9E29-9521D9A9C03C} = {0C51D91C-D6EB-4D0F-A0A6-F307A4BA1295}
		{85149023-D43D-4435-B952-C6C26EBE7783} = {0C51D91C-D6EB-4D0F-A0A6-F307A4BA1295}
	EndGlobalSection
EndGlobal
